
Microsoft Visual Studio Solution File, Format Version 12.00
# Visual Studio 14
VisualStudioVersion = 14.0.25420.1
MinimumVisualStudioVersion = 10.0.40219.1
Project("{FAE04EC0-301F-11D3-BF4B-00C04F79EFBC}") = "ConsoleApplication2", "ConsoleApplication2\ConsoleApplication2.csproj", "{72BDF11A-36D8-45F5-B008-A37AC4529F44}"
EndProject
Global
	GlobalSection(SolutionConfigurationPlatforms) = preSolution
		Debug|Any CPU = Debug|Any CPU
		Release|Any CPU = Release|Any CPU
	EndGlobalSection
	GlobalSection(ProjectConfigurationPlatforms) = postSolution
		{72BDF11A-36D8-45F5-B008-A37AC4529F44}.Debug|Any CPU.ActiveCfg = Debug|Any CPU
		{72BDF11A-36D8-45F5-B008-A37AC4529F44}.Debug|Any CPU.Build.0 = Debug|Any CPU
		{72BDF11A-36D8-45F5-B008-A37AC4529F44}.Release|Any CPU.ActiveCfg = Release|Any CPU
		{72BDF11A-36D8-45F5-B008-A37AC4529F44}.Release|Any CPU.Build.0 = Release|Any CPU
	EndGlobalSection
	GlobalSection(SolutionProperties) = preSolution
		HideSolutionNode = FALSE
	EndGlobalSection
EndGlobal
